
Microsoft Visual Studio Solution File, Format Version 12.00
# Visual Studio 2013
VisualStudioVersion = 12.0.21005.1
MinimumVisualStudioVersion = 10.0.40219.1
Project("{FAE04EC0-301F-11D3-BF4B-00C04F79EFBC}") = "Community.Host", "Community.Host\Community.Host.csproj", "{3D591832-4CEB-4FEC-8B22-ADF5CE7CD80C}"
EndProject
Project("{FAE04EC0-301F-11D3-BF4B-00C04F79EFBC}") = "Community.Common", "Community.Common\Community.Common.csproj", "{07328BC4-39EF-43AF-A916-4C77C244F6D1}"
EndProject
Project("{FAE04EC0-301F-11D3-BF4B-00C04F79EFBC}") = "Community.Contact", "Community.Contact\Community.Contact.csproj", "{DA44D1E0-B6B1-4903-81E8-4282116EA656}"
EndProject
Project("{FAE04EC0-301F-11D3-BF4B-00C04F79EFBC}") = "Community.IService", "Community.IService\Community.IService.csproj", "{8D4BC97E-2C49-4BEF-9F7F-2AB7C0B049FC}"
EndProject
Project("{FAE04EC0-301F-11D3-BF4B-00C04F79EFBC}") = "Community.Service", "Community.Service\Community.Service.csproj", "{349951DD-F51E-44CA-A056-9A73E7EFC859}"
EndProject
Project("{FAE04EC0-301F-11D3-BF4B-00C04F79EFBC}") = "Communiry.Entity", "Communiry.Entity\Communiry.Entity.csproj", "{C13946D7-0705-471D-B59D-15FCE65F93EC}"
EndProject
Project("{FAE04EC0-301F-11D3-BF4B-00C04F79EFBC}") = "Community.OAuth", "Community.OAuth\Community.OAuth.csproj", "{9F682A53-AB27-4A99-A7C9-EE99AD061B45}"
EndProject
Project("{FAE04EC0-301F-11D3-BF4B-00C04F79EFBC}") = "Community.EntityFramework", "Community.EntityFramework\Community.EntityFramework.csproj", "{E0C5E04F-136B-4BF9-87F0-DC07AFD04BB0}"
EndProject
Project("{FAE04EC0-301F-11D3-BF4B-00C04F79EFBC}") = "Community.Core", "Community.Core\Community.Core.csproj", "{BE0B9C9D-2A4A-4E8A-84F5-B36A2053602C}"
EndProject
Project("{FAE04EC0-301F-11D3-BF4B-00C04F79EFBC}") = "Qiniu", "Qiniu\Qiniu.csproj", "{E5A764FD-FC95-4B51-BB10-9A807ED25652}"
EndProject
Global
	GlobalSection(SolutionConfigurationPlatforms) = preSolution
		Debug|Any CPU = Debug|Any CPU
		Debug|x86 = Debug|x86
		Release|Any CPU = Release|Any CPU
		Release|x86 = Release|x86
	EndGlobalSection
	GlobalSection(ProjectConfigurationPlatforms) = postSolution
		{3D591832-4CEB-4FEC-8B22-ADF5CE7CD80C}.Debug|Any CPU.ActiveCfg = Debug|Any CPU
		{3D591832-4CEB-4FEC-8B22-ADF5CE7CD80C}.Debug|Any CPU.Build.0 = Debug|Any CPU
		{3D591832-4CEB-4FEC-8B22-ADF5CE7CD80C}.Debug|x86.ActiveCfg = Debug|Any CPU
		{3D591832-4CEB-4FEC-8B22-ADF5CE7CD80C}.Release|Any CPU.ActiveCfg = Release|Any CPU
		{3D591832-4CEB-4FEC-8B22-ADF5CE7CD80C}.Release|Any CPU.Build.0 = Release|Any CPU
		{3D591832-4CEB-4FEC-8B22-ADF5CE7CD80C}.Release|x86.ActiveCfg = Release|Any CPU
		{07328BC4-39EF-43AF-A916-4C77C244F6D1}.Debug|Any CPU.ActiveCfg = Debug|Any CPU
		{07328BC4-39EF-43AF-A916-4C77C244F6D1}.Debug|Any CPU.Build.0 = Debug|Any CPU
		{07328BC4-39EF-43AF-A916-4C77C244F6D1}.Debug|x86.ActiveCfg = Debug|Any CPU
		{07328BC4-39EF-43AF-A916-4C77C244F6D1}.Release|Any CPU.ActiveCfg = Release|Any CPU
		{07328BC4-39EF-43AF-A916-4C77C244F6D1}.Release|Any CPU.Build.0 = Release|Any CPU
		{07328BC4-39EF-43AF-A916-4C77C244F6D1}.Release|x86.ActiveCfg = Release|Any CPU
		{DA44D1E0-B6B1-4903-81E8-4282116EA656}.Debug|Any CPU.ActiveCfg = Debug|Any CPU
		{DA44D1E0-B6B1-4903-81E8-4282116EA656}.Debug|Any CPU.Build.0 = Debug|Any CPU
		{DA44D1E0-B6B1-4903-81E8-4282116EA656}.Debug|x86.ActiveCfg = Debug|Any CPU
		{DA44D1E0-B6B1-4903-81E8-4282116EA656}.Release|Any CPU.ActiveCfg = Release|Any CPU
		{DA44D1E0-B6B1-4903-81E8-4282116EA656}.Release|Any CPU.Build.0 = Release|Any CPU
		{DA44D1E0-B6B1-4903-81E8-4282116EA656}.Release|x86.ActiveCfg = Release|Any CPU
		{8D4BC97E-2C49-4BEF-9F7F-2AB7C0B049FC}.Debug|Any CPU.ActiveCfg = Debug|Any CPU
		{8D4BC97E-2C49-4BEF-9F7F-2AB7C0B049FC}.Debug|Any CPU.Build.0 = Debug|Any CPU
		{8D4BC97E-2C49-4BEF-9F7F-2AB7C0B049FC}.Debug|x86.ActiveCfg = Debug|Any CPU
		{8D4BC97E-2C49-4BEF-9F7F-2AB7C0B049FC}.Release|Any CPU.ActiveCfg = Release|Any CPU
		{8D4BC97E-2C49-4BEF-9F7F-2AB7C0B049FC}.Release|Any CPU.Build.0 = Release|Any CPU
		{8D4BC97E-2C49-4BEF-9F7F-2AB7C0B049FC}.Release|x86.ActiveCfg = Release|Any CPU
		{349951DD-F51E-44CA-A056-9A73E7EFC859}.Debug|Any CPU.ActiveCfg = Debug|Any CPU
		{349951DD-F51E-44CA-A056-9A73E7EFC859}.Debug|Any CPU.Build.0 = Debug|Any CPU
		{349951DD-F51E-44CA-A056-9A73E7EFC859}.Debug|x86.ActiveCfg = Debug|Any CPU
		{349951DD-F51E-44CA-A056-9A73E7EFC859}.Release|Any CPU.ActiveCfg = Release|Any CPU
		{349951DD-F51E-44CA-A056-9A73E7EFC859}.Release|Any CPU.Build.0 = Release|Any CPU
		{349951DD-F51E-44CA-A056-9A73E7EFC859}.Release|x86.ActiveCfg = Release|Any CPU
		{C13946D7-0705-471D-B59D-15FCE65F93EC}.Debug|Any CPU.ActiveCfg = Debug|Any CPU
		{C13946D7-0705-471D-B59D-15FCE65F93EC}.Debug|Any CPU.Build.0 = Debug|Any CPU
		{C13946D7-0705-471D-B59D-15FCE65F93EC}.Debug|x86.ActiveCfg = Debug|Any CPU
		{C13946D7-0705-471D-B59D-15FCE65F93EC}.Release|Any CPU.ActiveCfg = Release|Any CPU
		{C13946D7-0705-471D-B59D-15FCE65F93EC}.Release|Any CPU.Build.0 = Release|Any CPU
		{C13946D7-0705-471D-B59D-15FCE65F93EC}.Release|x86.ActiveCfg = Release|Any CPU
		{9F682A53-AB27-4A99-A7C9-EE99AD061B45}.Debug|Any CPU.ActiveCfg = Debug|Any CPU
		{9F682A53-AB27-4A99-A7C9-EE99AD061B45}.Debug|Any CPU.Build.0 = Debug|Any CPU
		{9F682A53-AB27-4A99-A7C9-EE99AD061B45}.Debug|x86.ActiveCfg = Debug|Any CPU
		{9F682A53-AB27-4A99-A7C9-EE99AD061B45}.Release|Any CPU.ActiveCfg = Release|Any CPU
		{9F682A53-AB27-4A99-A7C9-EE99AD061B45}.Release|Any CPU.Build.0 = Release|Any CPU
		{9F682A53-AB27-4A99-A7C9-EE99AD061B45}.Release|x86.ActiveCfg = Release|Any CPU
		{E0C5E04F-136B-4BF9-87F0-DC07AFD04BB0}.Debug|Any CPU.ActiveCfg = Debug|Any CPU
		{E0C5E04F-136B-4BF9-87F0-DC07AFD04BB0}.Debug|Any CPU.Build.0 = Debug|Any CPU
		{E0C5E04F-136B-4BF9-87F0-DC07AFD04BB0}.Debug|x86.ActiveCfg = Debug|Any CPU
		{E0C5E04F-136B-4BF9-87F0-DC07AFD04BB0}.Release|Any CPU.ActiveCfg = Release|Any CPU
		{E0C5E04F-136B-4BF9-87F0-DC07AFD04BB0}.Release|Any CPU.Build.0 = Release|Any CPU
		{E0C5E04F-136B-4BF9-87F0-DC07AFD04BB0}.Release|x86.ActiveCfg = Release|Any CPU
		{BE0B9C9D-2A4A-4E8A-84F5-B36A2053602C}.Debug|Any CPU.ActiveCfg = Debug|Any CPU
		{BE0B9C9D-2A4A-4E8A-84F5-B36A2053602C}.Debug|Any CPU.Build.0 = Debug|Any CPU
		{BE0B9C9D-2A4A-4E8A-84F5-B36A2053602C}.Debug|x86.ActiveCfg = Debug|Any CPU
		{BE0B9C9D-2A4A-4E8A-84F5-B36A2053602C}.Release|Any CPU.ActiveCfg = Release|Any CPU
		{BE0B9C9D-2A4A-4E8A-84F5-B36A2053602C}.Release|Any CPU.Build.0 = Release|Any CPU
		{BE0B9C9D-2A4A-4E8A-84F5-B36A2053602C}.Release|x86.ActiveCfg = Release|Any CPU
		{E5A764FD-FC95-4B51-BB10-9A807ED25652}.Debug|Any CPU.ActiveCfg = Debug|Any CPU
		{E5A764FD-FC95-4B51-BB10-9A807ED25652}.Debug|Any CPU.Build.0 = Debug|Any CPU
		{E5A764FD-FC95-4B51-BB10-9A807ED25652}.Debug|x86.ActiveCfg = Debug|x86
		{E5A764FD-FC95-4B51-BB10-9A807ED25652}.Debug|x86.Build.0 = Debug|x86
		{E5A764FD-FC95-4B51-BB10-9A807ED25652}.Release|Any CPU.ActiveCfg = Release|Any CPU
		{E5A764FD-FC95-4B51-BB10-9A807ED25652}.Release|Any CPU.Build.0 = Release|Any CPU
		{E5A764FD-FC95-4B51-BB10-9A807ED25652}.Release|x86.ActiveCfg = Release|x86
		{E5A764FD-FC95-4B51-BB10-9A807ED25652}.Release|x86.Build.0 = Release|x86
	EndGlobalSection
	GlobalSection(SolutionProperties) = preSolution
		HideSolutionNode = FALSE
	EndGlobalSection
EndGlobal
